// !$*UTF8*$!
{
	archiveVersion = 1;
	classes = {
	};
	objectVersion = 46;
	objects = {

/* Begin PBXBuildFile section */
		41F94AB11C1E88F900FA72B6 /* main.m in Sources */ = {isa = PBXBuildFile; fileRef = 41F94AB01C1E88F900FA72B6 /* main.m */; };
		41F94AB41C1E88F900FA72B6 /* AppDelegate.m in Sources */ = {isa = PBXBuildFile; fileRef = 41F94AB31C1E88F900FA72B6 /* AppDelegate.m */; };
		41F94AB71C1E88F900FA72B6 /* ViewController.m in Sources */ = {isa = PBXBuildFile; fileRef = 41F94AB61C1E88F900FA72B6 /* ViewController.m */; };
		41F94ABA1C1E88F900FA72B6 /* Main.storyboard in Resources */ = {isa = PBXBuildFile; fileRef = 41F94AB81C1E88F900FA72B6 /* Main.storyboard */; };
		41F94ABD1C1E88F900FA72B6 /* UseJson.xcdatamodeld in Sources */ = {isa = PBXBuildFile; fileRef = 41F94ABB1C1E88F900FA72B6 /* UseJson.xcdatamodeld */; };
		41F94ABF1C1E88F900FA72B6 /* Assets.xcassets in Resources */ = {isa = PBXBuildFile; fileRef = 41F94ABE1C1E88F900FA72B6 /* Assets.xcassets */; };
		41F94AC21C1E88F900FA72B6 /* LaunchScreen.storyboard in Resources */ = {isa = PBXBuildFile; fileRef = 41F94AC01C1E88F900FA72B6 /* LaunchScreen.storyboard */; };
		41F94ACD1C1E88F900FA72B6 /* UseJsonTests.m in Sources */ = {isa = PBXBuildFile; fileRef = 41F94ACC1C1E88F900FA72B6 /* UseJsonTests.m */; };
		41F94AD81C1E88F900FA72B6 /* UseJsonUITests.m in Sources */ = {isa = PBXBuildFile; fileRef = 41F94AD71C1E88F900FA72B6 /* UseJsonUITests.m */; };
		41F94AE61C1E896200FA72B6 /* CustomCell.xib in Resources */ = {isa = PBXBuildFile; fileRef = 41F94AE51C1E896200FA72B6 /* CustomCell.xib */; };
		41F94AE91C1E8A3500FA72B6 /* Cell.m in Sources */ = {isa = PBXBuildFile; fileRef = 41F94AE81C1E8A3500FA72B6 /* Cell.m */; };
		41F94AEC1C1EAAE700FA72B6 /* MemberViewController.m in Sources */ = {isa = PBXBuildFile; fileRef = 41F94AEB1C1EAAE700FA72B6 /* MemberViewController.m */; };
/* End PBXBuildFile section */

/* Begin PBXContainerItemProxy section */
		41F94AC91C1E88F900FA72B6 /* PBXContainerItemProxy */ = {
			isa = PBXContainerItemProxy;
			containerPortal = 41F94AA41C1E88F900FA72B6 /* Project object */;
			proxyType = 1;
			remoteGlobalIDString = 41F94AAB1C1E88F900FA72B6;
			remoteInfo = UseJson;
		};
		41F94AD41C1E88F900FA72B6 /* PBXContainerItemProxy */ = {
			isa = PBXContainerItemProxy;
			containerPortal = 41F94AA41C1E88F900FA72B6 /* Project object */;
			proxyType = 1;
			remoteGlobalIDString = 41F94AAB1C1E88F900FA72B6;
			remoteInfo = UseJson;
		};
/* End PBXContainerItemProxy section */

/* Begin PBXFileReference section */
		41F94AAC1C1E88F900FA72B6 /* UseJson.app */ = {isa = PBXFileReference; explicitFileType = wrapper.application; includeInIndex = 0; path = UseJson.app; sourceTree = BUILT_PRODUCTS_DIR; };
		41F94AB01C1E88F900FA72B6 /* main.m */ = {isa = PBXFileReference; lastKnownFileType = sourcecode.c.objc; path = main.m; sourceTree = "<group>"; };
		41F94AB21C1E88F900FA72B6 /* AppDelegate.h */ = {isa = PBXFileReference; lastKnownFileType = sourcecode.c.h; path = AppDelegate.h; sourceTree = "<group>"; };
		41F94AB31C1E88F900FA72B6 /* AppDelegate.m */ = {isa = PBXFileReference; lastKnownFileType = sourcecode.c.objc; path = AppDelegate.m; sourceTree = "<group>"; };
		41F94AB51C1E88F900FA72B6 /* ViewController.h */ = {isa = PBXFileReference; lastKnownFileType = sourcecode.c.h; path = ViewController.h; sourceTree = "<group>"; };
		41F94AB61C1E88F900FA72B6 /* ViewController.m */ = {isa = PBXFileReference; lastKnownFileType = sourcecode.c.objc; path = ViewController.m; sourceTree = "<group>"; };
		41F94AB91C1E88F900FA72B6 /* Base */ = {isa = PBXFileReference; lastKnownFileType = file.storyboard; name = Base; path = Base.lproj/Main.storyboard; sourceTree = "<group>"; };
		41F94ABC1C1E88F900FA72B6 /* UseJson.xcdatamodel */ = {isa = PBXFileReference; lastKnownFileType = wrapper.xcdatamodel; path = UseJson.xcdatamodel; sourceTree = "<group>"; };
		41F94ABE1C1E88F900FA72B6 /* Assets.xcassets */ = {isa = PBXFileReference; lastKnownFileType = folder.assetcatalog; path = Assets.xcassets; sourceTree = "<group>"; };
		41F94AC11C1E88F900FA72B6 /* Base */ = {isa = PBXFileReference; lastKnownFileType = file.storyboard; name = Base; path = Base.lproj/LaunchScreen.storyboard; sourceTree = "<group>"; };
		41F94AC31C1E88F900FA72B6 /* Info.plist */ = {isa = PBXFileReference; lastKnownFileType = text.plist.xml; path = Info.plist; sourceTree = "<group>"; };
		41F94AC81C1E88F900FA72B6 /* UseJsonTests.xctest */ = {isa = PBXFileReference; explicitFileType = wrapper.cfbundle; includeInIndex = 0; path = UseJsonTests.xctest; sourceTree = BUILT_PRODUCTS_DIR; };
		41F94ACC1C1E88F900FA72B6 /* UseJsonTests.m */ = {isa = PBXFileReference; lastKnownFileType = sourcecode.c.objc; path = UseJsonTests.m; sourceTree = "<group>"; };
		41F94ACE1C1E88F900FA72B6 /* Info.plist */ = {isa = PBXFileReference; lastKnownFileType = text.plist.xml; path = Info.plist; sourceTree = "<group>"; };
		41F94AD31C1E88F900FA72B6 /* UseJsonUITests.xctest */ = {isa = PBXFileReference; explicitFileType = wrapper.cfbundle; includeInIndex = 0; path = UseJsonUITests.xctest; sourceTree = BUILT_PRODUCTS_DIR; };
		41F94AD71C1E88F900FA72B6 /* UseJsonUITests.m */ = {isa = PBXFileReference; lastKnownFileType = sourcecode.c.objc; path = UseJsonUITests.m; sourceTree = "<group>"; };
		41F94AD91C1E88F900FA72B6 /* Info.plist */ = {isa = PBXFileReference; lastKnownFileType = text.plist.xml; path = Info.plist; sourceTree = "<group>"; };
		41F94AE51C1E896200FA72B6 /* CustomCell.xib */ = {isa = PBXFileReference; fileEncoding = 4; lastKnownFileType = file.xib; path = CustomCell.xib; sourceTree = "<group>"; };
		41F94AE71C1E8A3500FA72B6 /* Cell.h */ = {isa = PBXFileReference; fileEncoding = 4; lastKnownFileType = sourcecode.c.h; path = Cell.h; sourceTree = "<group>"; };
		41F94AE81C1E8A3500FA72B6 /* Cell.m */ = {isa = PBXFileReference; fileEncoding = 4; lastKnownFileType = sourcecode.c.objc; path = Cell.m; sourceTree = "<group>"; };
		41F94AEA1C1EAAE700FA72B6 /* MemberViewController.h */ = {isa = PBXFileReference; fileEncoding = 4; lastKnownFileType = sourcecode.c.h; path = MemberViewController.h; sourceTree = "<group>"; };
		41F94AEB1C1EAAE700FA72B6 /* MemberViewController.m */ = {isa = PBXFileReference; fileEncoding = 4; lastKnownFileType = sourcecode.c.objc; path = MemberViewController.m; sourceTree = "<group>"; };
/* End PBXFileReference section */

/* Begin PBXFrameworksBuildPhase section */
		41F94AA91C1E88F900FA72B6 /* Frameworks */ = {
			isa = PBXFrameworksBuildPhase;
			buildActionMask = 2147483647;
			files = (
			);
			runOnlyForDeploymentPostprocessing = 0;
		};
		41F94AC51C1E88F900FA72B6 /* Frameworks */ = {
			isa = PBXFrameworksBuildPhase;
			buildActionMask = 2147483647;
			files = (
			);
			runOnlyForDeploymentPostprocessing = 0;
		};
		41F94AD01C1E88F900FA72B6 /* Frameworks */ = {
			isa = PBXFrameworksBuildPhase;
			buildActionMask = 2147483647;
			files = (
			);
			runOnlyForDeploymentPostprocessing = 0;
		};
/* End PBXFrameworksBuildPhase section */

/* Begin PBXGroup section */
		41F94AA31C1E88F900FA72B6 = {
			isa = PBXGroup;
			children = (
				41F94AAE1C1E88F900FA72B6 /* UseJson */,
				41F94ACB1C1E88F900FA72B6 /* UseJsonTests */,
				41F94AD61C1E88F900FA72B6 /* UseJsonUITests */,
				41F94AAD1C1E88F900FA72B6 /* Products */,
			);
			sourceTree = "<group>";
		};
		41F94AAD1C1E88F900FA72B6 /* Products */ = {
			isa = PBXGroup;
			children = (
				41F94AAC1C1E88F900FA72B6 /* UseJson.app */,
				41F94AC81C1E88F900FA72B6 /* UseJsonTests.xctest */,
				41F94AD31C1E88F900FA72B6 /* UseJsonUITests.xctest */,
			);
			name = Products;
			sourceTree = "<group>";
		};
		41F94AAE1C1E88F900FA72B6 /* UseJson */ = {
			isa = PBXGroup;
			children = (
				41F94AB21C1E88F900FA72B6 /* AppDelegate.h */,
				41F94AB31C1E88F900FA72B6 /* AppDelegate.m */,
				41F94AB51C1E88F900FA72B6 /* ViewController.h */,
				41F94AB61C1E88F900FA72B6 /* ViewController.m */,
				41F94AB81C1E88F900FA72B6 /* Main.storyboard */,
				41F94ABE1C1E88F900FA72B6 /* Assets.xcassets */,
				41F94AC01C1E88F900FA72B6 /* LaunchScreen.storyboard */,
				41F94AC31C1E88F900FA72B6 /* Info.plist */,
				41F94ABB1C1E88F900FA72B6 /* UseJson.xcdatamodeld */,
				41F94AAF1C1E88F900FA72B6 /* Supporting Files */,
				41F94AE51C1E896200FA72B6 /* CustomCell.xib */,
				41F94AE71C1E8A3500FA72B6 /* Cell.h */,
				41F94AE81C1E8A3500FA72B6 /* Cell.m */,
				41F94AEA1C1EAAE700FA72B6 /* MemberViewController.h */,
				41F94AEB1C1EAAE700FA72B6 /* MemberViewController.m */,
			);
			path = UseJson;
			sourceTree = "<group>";
		};
		41F94AAF1C1E88F900FA72B6 /* Supporting Files */ = {
			isa = PBXGroup;
			children = (
				41F94AB01C1E88F900FA72B6 /* main.m */,
			);
			name = "Supporting Files";
			sourceTree = "<group>";
		};
		41F94ACB1C1E88F900FA72B6 /* UseJsonTests */ = {
			isa = PBXGroup;
			children = (
				41F94ACC1C1E88F900FA72B6 /* UseJsonTests.m */,
				41F94ACE1C1E88F900FA72B6 /* Info.plist */,
			);
			path = UseJsonTests;
			sourceTree = "<group>";
		};
		41F94AD61C1E88F900FA72B6 /* UseJsonUITests */ = {
			isa = PBXGroup;
			children = (
				41F94AD71C1E88F900FA72B6 /* UseJsonUITests.m */,
				41F94AD91C1E88F900FA72B6 /* Info.plist */,
			);
			path = UseJsonUITests;
			sourceTree = "<group>";
		};
/* End PBXGroup section */

/* Begin PBXNativeTarget section */
		41F94AAB1C1E88F900FA72B6 /* UseJson */ = {
			isa = PBXNativeTarget;
			buildConfigurationList = 41F94ADC1C1E88F900FA72B6 /* Build configuration list for PBXNativeTarget "UseJson" */;
			buildPhases = (
				41F94AA81C1E88F900FA72B6 /* Sources */,
				41F94AA91C1E88F900FA72B6 /* Frameworks */,
				41F94AAA1C1E88F900FA72B6 /* Resources */,
			);
			buildRules = (
			);
			dependencies = (
			);
			name = UseJson;
			productName = UseJson;
			productReference = 41F94AAC1C1E88F900FA72B6 /* UseJson.app */;
			productType = "com.apple.product-type.application";
		};
		41F94AC71C1E88F900FA72B6 /* UseJsonTests */ = {
			isa = PBXNativeTarget;
			buildConfigurationList = 41F94ADF1C1E88F900FA72B6 /* Build configuration list for PBXNativeTarget "UseJsonTests" */;
			buildPhases = (
				41F94AC41C1E88F900FA72B6 /* Sources */,
				41F94AC51C1E88F900FA72B6 /* Frameworks */,
				41F94AC61C1E88F900FA72B6 /* Resources */,
			);
			buildRules = (
			);
			dependencies = (
				41F94ACA1C1E88F900FA72B6 /* PBXTargetDependency */,
			);
			name = UseJsonTests;
			productName = UseJsonTests;
			productReference = 41F94AC81C1E88F900FA72B6 /* UseJsonTests.xctest */;
			productType = "com.apple.product-type.bundle.unit-test";
		};
		41F94AD21C1E88F900FA72B6 /* UseJsonUITests */ = {
			isa = PBXNativeTarget;
			buildConfigurationList = 41F94AE21C1E88F900FA72B6 /* Build configuration list for PBXNativeTarget "UseJsonUITests" */;
			buildPhases = (
				41F94ACF1C1E88F900FA72B6 /* Sources */,
				41F94AD01C1E88F900FA72B6 /* Frameworks */,
				41F94AD11C1E88F900FA72B6 /* Resources */,
			);
			buildRules = (
			);
			dependencies = (
				41F94AD51C1E88F900FA72B6 /* PBXTargetDependency */,
			);
			name = UseJsonUITests;
			productName = UseJsonUITests;
			productReference = 41F94AD31C1E88F900FA72B6 /* UseJsonUITests.xctest */;
			productType = "com.apple.product-type.bundle.ui-testing";
		};
/* End PBXNativeTarget section */

/* Begin PBXProject section */
		41F94AA41C1E88F900FA72B6 /* Project object */ = {
			isa = PBXProject;
			attributes = {
				LastUpgradeCheck = 0710;
				ORGANIZATIONNAME = kaiser;
				TargetAttributes = {
					41F94AAB1C1E88F900FA72B6 = {
						CreatedOnToolsVersion = 7.1.1;
					};
					41F94AC71C1E88F900FA72B6 = {
						CreatedOnToolsVersion = 7.1.1;
						TestTargetID = 41F94AAB1C1E88F900FA72B6;
					};
					41F94AD21C1E88F900FA72B6 = {
						CreatedOnToolsVersion = 7.1.1;
						TestTargetID = 41F94AAB1C1E88F900FA72B6;
					};
				};
			};
			buildConfigurationList = 41F94AA71C1E88F900FA72B6 /* Build configuration list for PBXProject "UseJson" */;
			compatibilityVersion = "Xcode 3.2";
			developmentRegion = English;
			hasScannedForEncodings = 0;
			knownRegions = (
				en,
				Base,
			);
			mainGroup = 41F94AA31C1E88F900FA72B6;
			productRefGroup = 41F94AAD1C1E88F900FA72B6 /* Products */;
			projectDirPath = "";
			projectRoot = "";
			targets = (
				41F94AAB1C1E88F900FA72B6 /* UseJson */,
				41F94AC71C1E88F900FA72B6 /* UseJsonTests */,
				41F94AD21C1E88F900FA72B6 /* UseJsonUITests */,
			);
		};
/* End PBXProject section */

/* Begin PBXResourcesBuildPhase section */
		41F94AAA1C1E88F900FA72B6 /* Resources */ = {
			isa = PBXResourcesBuildPhase;
			buildActionMask = 2147483647;
			files = (
				41F94AC21C1E88F900FA72B6 /* LaunchScreen.storyboard in Resources */,
				41F94ABF1C1E88F900FA72B6 /* Assets.xcassets in Resources */,
				41F94AE61C1E896200FA72B6 /* CustomCell.xib in Resources */,
				41F94ABA1C1E88F900FA72B6 /* Main.storyboard in Resources */,
			);
			runOnlyForDeploymentPostprocessing = 0;
		};
		41F94AC61C1E88F900FA72B6 /* Resources */ = {
			isa = PBXResourcesBuildPhase;
			buildActionMask = 2147483647;
			files = (
			);
			runOnlyForDeploymentPostprocessing = 0;
		};
		41F94AD11C1E88F900FA72B6 /* Resources */ = {
			isa = PBXResourcesBuildPhase;
			buildActionMask = 2147483647;
			files = (
			);
			runOnlyForDeploymentPostprocessing = 0;
		};
/* End PBXResourcesBuildPhase section */

/* Begin PBXSourcesBuildPhase section */
		41F94AA81C1E88F900FA72B6 /* Sources */ = {
			isa = PBXSourcesBuildPhase;
			buildActionMask = 2147483647;
			files = (
				41F94AE91C1E8A3500FA72B6 /* Cell.m in Sources */,
				41F94AB71C1E88F900FA72B6 /* ViewController.m in Sources */,
				41F94AB41C1E88F900FA72B6 /* AppDelegate.m in Sources */,
				41F94AB11C1E88F900FA72B6 /* main.m in Sources */,
				41F94AEC1C1EAAE700FA72B6 /* MemberViewController.m in Sources */,
				41F94ABD1C1E88F900FA72B6 /* UseJson.xcdatamodeld in Sources */,
			);
			runOnlyForDeploymentPostprocessing = 0;
		};
		41F94AC41C1E88F900FA72B6 /* Sources */ = {
			isa = PBXSourcesBuildPhase;
			buildActionMask = 2147483647;
			files = (
				41F94ACD1C1E88F900FA72B6 /* UseJsonTests.m in Sources */,
			);
			runOnlyForDeploymentPostprocessing = 0;
		};
		41F94ACF1C1E88F900FA72B6 /* Sources */ = {
			isa = PBXSourcesBuildPhase;
			buildActionMask = 2147483647;
			files = (
				41F94AD81C1E88F900FA72B6 /* UseJsonUITests.m in Sources */,
			);
			runOnlyForDeploymentPostprocessing = 0;
		};
/* End PBXSourcesBuildPhase section */

/* Begin PBXTargetDependency section */
		41F94ACA1C1E88F900FA72B6 /* PBXTargetDependency */ = {
			isa = PBXTargetDependency;
			target = 41F94AAB1C1E88F900FA72B6 /* UseJson */;
			targetProxy = 41F94AC91C1E88F900FA72B6 /* PBXContainerItemProxy */;
		};
		41F94AD51C1E88F900FA72B6 /* PBXTargetDependency */ = {
			isa = PBXTargetDependency;
			target = 41F94AAB1C1E88F900FA72B6 /* UseJson */;
			targetProxy = 41F94AD41C1E88F900FA72B6 /* PBXContainerItemProxy */;
		};
/* End PBXTargetDependency section */

/* Begin PBXVariantGroup section */
		41F94AB81C1E88F900FA72B6 /* Main.storyboard */ = {
			isa = PBXVariantGroup;
			children = (
				41F94AB91C1E88F900FA72B6 /* Base */,
			);
			name = Main.storyboard;
			sourceTree = "<group>";
		};
		41F94AC01C1E88F900FA72B6 /* LaunchScreen.storyboard */ = {
			isa = PBXVariantGroup;
			children = (
				41F94AC11C1E88F900FA72B6 /* Base */,
			);
			name = LaunchScreen.storyboard;
			sourceTree = "<group>";
		};
/* End PBXVariantGroup section */

/* Begin XCBuildConfiguration section */
		41F94ADA1C1E88F900FA72B6 /* Debug */ = {
			isa = XCBuildConfiguration;
			buildSettings = {
				ALWAYS_SEARCH_USER_PATHS = NO;
				CLANG_CXX_LANGUAGE_STANDARD = "gnu++0x";
				CLANG_CXX_LIBRARY = "libc++";
				CLANG_ENABLE_MODULES = YES;
				CLANG_ENABLE_OBJC_ARC = YES;
				CLANG_WARN_BOOL_CONVERSION = YES;
				CLANG_WARN_CONSTANT_CONVERSION = YES;
				CLANG_WARN_DIRECT_OBJC_ISA_USAGE = YES_ERROR;
				CLANG_WARN_EMPTY_BODY = YES;
				CLANG_WARN_ENUM_CONVERSION = YES;
				CLANG_WARN_INT_CONVERSION = YES;
				CLANG_WARN_OBJC_ROOT_CLASS = YES_ERROR;
				CLANG_WARN_UNREACHABLE_CODE = YES;
				CLANG_WARN__DUPLICATE_METHOD_MATCH = YES;
				"CODE_SIGN_IDENTITY[sdk=iphoneos*]" = "iPhone Developer";
				COPY_PHASE_STRIP = NO;
				DEBUG_INFORMATION_FORMAT = dwarf;
				ENABLE_STRICT_OBJC_MSGSEND = YES;
				ENABLE_TESTABILITY = YES;
				GCC_C_LANGUAGE_STANDARD = gnu99;
				GCC_DYNAMIC_NO_PIC = NO;
				GCC_NO_COMMON_BLOCKS = YES;
				GCC_OPTIMIZATION_LEVEL = 0;
				GCC_PREPROCESSOR_DEFINITIONS = (
					"DEBUG=1",
					"$(inherited)",
				);
				GCC_WARN_64_TO_32_BIT_CONVERSION = YES;
				GCC_WARN_ABOUT_RETURN_TYPE = YES_ERROR;
				GCC_WARN_UNDECLARED_SELECTOR = YES;
				GCC_WARN_UNINITIALIZED_AUTOS = YES_AGGRESSIVE;
				GCC_WARN_UNUSED_FUNCTION = YES;
				GCC_WARN_UNUSED_VARIABLE = YES;
				IPHONEOS_DEPLOYMENT_TARGET = 9.1;
				MTL_ENABLE_DEBUG_INFO = YES;
				ONLY_ACTIVE_ARCH = YES;
				SDKROOT = iphoneos;
			};
			name = Debug;
		};
		41F94ADB1C1E88F900FA72B6 /* Release */ = {
			isa = XCBuildConfiguration;
			buildSettings = {
				ALWAYS_SEARCH_USER_PATHS = NO;
				CLANG_CXX_LANGUAGE_STANDARD = "gnu++0x";
				CLANG_CXX_LIBRARY = "libc++";
				CLANG_ENABLE_MODULES = YES;
				CLANG_ENABLE_OBJC_ARC = YES;
				CLANG_WARN_BOOL_CONVERSION = YES;
				CLANG_WARN_CONSTANT_CONVERSION = YES;
				CLANG_WARN_DIRECT_OBJC_ISA_USAGE = YES_ERROR;
				CLANG_WARN_EMPTY_BODY = YES;
				CLANG_WARN_ENUM_CONVERSION = YES;
				CLANG_WARN_INT_CONVERSION = YES;
				CLANG_WARN_OBJC_ROOT_CLASS = YES_ERROR;
				CLANG_WARN_UNREACHABLE_CODE = YES;
				CLANG_WARN__DUPLICATE_METHOD_MATCH = YES;
				"CODE_SIGN_IDENTITY[sdk=iphoneos*]" = "iPhone Developer";
				COPY_PHASE_STRIP = NO;
				DEBUG_INFORMATION_FORMAT = "dwarf-with-dsym";
				ENABLE_NS_ASSERTIONS = NO;
				ENABLE_STRICT_OBJC_MSGSEND = YES;
				GCC_C_LANGUAGE_STANDARD = gnu99;
				GCC_NO_COMMON_BLOCKS = YES;
				GCC_WARN_64_TO_32_BIT_CONVERSION = YES;
				GCC_WARN_ABOUT_RETURN_TYPE = YES_ERROR;
				GCC_WARN_UNDECLARED_SELECTOR = YES;
				GCC_WARN_UNINITIALIZED_AUTOS = YES_AGGRESSIVE;
				GCC_WARN_UNUSED_FUNCTION = YES;
				GCC_WARN_UNUSED_VARIABLE = YES;
				IPHONEOS_DEPLOYMENT_TARGET = 9.1;
				MTL_ENABLE_DEBUG_INFO = NO;
				SDKROOT = iphoneos;
				VALIDATE_PRODUCT = YES;
			};
			name = Release;
		};
		41F94ADD1C1E88F900FA72B6 /* Debug */ = {
			isa = XCBuildConfiguration;
			buildSettings = {
				ASSETCATALOG_COMPILER_APPICON_NAME = AppIcon;
				INFOPLIST_FILE = UseJson/Info.plist;
				LD_RUNPATH_SEARCH_PATHS = "$(inherited) @executable_path/Frameworks";
				PRODUCT_BUNDLE_IDENTIFIER = edu.self.UseJson;
				PRODUCT_NAME = "$(TARGET_NAME)";
			};
			name = Debug;
		};
		41F94ADE1C1E88F900FA72B6 /* Release */ = {
			isa = XCBuildConfiguration;
			buildSettings = {
				ASSETCATALOG_COMPILER_APPICON_NAME = AppIcon;
				INFOPLIST_FILE = UseJson/Info.plist;
				LD_RUNPATH_SEARCH_PATHS = "$(inherited) @executable_path/Frameworks";
				PRODUCT_BUNDLE_IDENTIFIER = edu.self.UseJson;
				PRODUCT_NAME = "$(TARGET_NAME)";
			};
			name = Release;
		};
		41F94AE01C1E88F900FA72B6 /* Debug */ = {
			isa = XCBuildConfiguration;
			buildSettings = {
				BUNDLE_LOADER = "$(TEST_HOST)";
				INFOPLIST_FILE = UseJsonTests/Info.plist;
				LD_RUNPATH_SEARCH_PATHS = "$(inherited) @executable_path/Frameworks @loader_path/Frameworks";
				PRODUCT_BUNDLE_IDENTIFIER = edu.self.UseJsonTests;
				PRODUCT_NAME = "$(TARGET_NAME)";
				TEST_HOST = "$(BUILT_PRODUCTS_DIR)/UseJson.app/UseJson";
			};
			name = Debug;
		};
		41F94AE11C1E88F900FA72B6 /* Release */ = {
			isa = XCBuildConfiguration;
			buildSettings = {
				BUNDLE_LOADER = "$(TEST_HOST)";
				INFOPLIST_FILE = UseJsonTests/Info.plist;
				LD_RUNPATH_SEARCH_PATHS = "$(inherited) @executable_path/Frameworks @loader_path/Frameworks";
				PRODUCT_BUNDLE_IDENTIFIER = edu.self.UseJsonTests;
				PRODUCT_NAME = "$(TARGET_NAME)";
				TEST_HOST = "$(BUILT_PRODUCTS_DIR)/UseJson.app/UseJson";
			};
			name = Release;
		};
		41F94AE31C1E88F900FA72B6 /* Debug */ = {
			isa = XCBuildConfiguration;
			buildSettings = {
				INFOPLIST_FILE = UseJsonUITests/Info.plist;
				LD_RUNPATH_SEARCH_PATHS = "$(inherited) @executable_path/Frameworks @loader_path/Frameworks";
				PRODUCT_BUNDLE_IDENTIFIER = edu.self.UseJsonUITests;
				PRODUCT_NAME = "$(TARGET_NAME)";
				TEST_TARGET_NAME = UseJson;
				USES_XCTRUNNER = YES;
			};
			name = Debug;
		};
		41F94AE41C1E88F900FA72B6 /* Release */ = {
			isa = XCBuildConfiguration;
			buildSettings = {
				INFOPLIST_FILE = UseJsonUITests/Info.plist;
				LD_RUNPATH_SEARCH_PATHS = "$(inherited) @executable_path/Frameworks @loader_path/Frameworks";
				PRODUCT_BUNDLE_IDENTIFIER = edu.self.UseJsonUITests;
				PRODUCT_NAME = "$(TARGET_NAME)";
				TEST_TARGET_NAME = UseJson;
				USES_XCTRUNNER = YES;
			};
			name = Release;
		};
/* End XCBuildConfiguration section */

/* Begin XCConfigurationList section */
		41F94AA71C1E88F900FA72B6 /* Build configuration list for PBXProject "UseJson" */ = {
			isa = XCConfigurationList;
			buildConfigurations = (
				41F94ADA1C1E88F900FA72B6 /* Debug */,
				41F94ADB1C1E88F900FA72B6 /* Release */,
			);
			defaultConfigurationIsVisible = 0;
			defaultConfigurationName = Release;
		};
		41F94ADC1C1E88F900FA72B6 /* Build configuration list for PBXNativeTarget "UseJson" */ = {
			isa = XCConfigurationList;
			buildConfigurations = (
				41F94ADD1C1E88F900FA72B6 /* Debug */,
				41F94ADE1C1E88F900FA72B6 /* Release */,
			);
			defaultConfigurationIsVisible = 0;
		};
		41F94ADF1C1E88F900FA72B6 /* Build configuration list for PBXNativeTarget "UseJsonTests" */ = {
			isa = XCConfigurationList;
			buildConfigurations = (
				41F94AE01C1E88F900FA72B6 /* Debug */,
				41F94AE11C1E88F900FA72B6 /* Release */,
			);
			defaultConfigurationIsVisible = 0;
		};
		41F94AE21C1E88F900FA72B6 /* Build configuration list for PBXNativeTarget "UseJsonUITests" */ = {
			isa = XCConfigurationList;
			buildConfigurations = (
				41F94AE31C1E88F900FA72B6 /* Debug */,
				41F94AE41C1E88F900FA72B6 /* Release */,
			);
			defaultConfigurationIsVisible = 0;
		};
/* End XCConfigurationList section */

/* Begin XCVersionGroup section */
		41F94ABB1C1E88F900FA72B6 /* UseJson.xcdatamodeld */ = {
			isa = XCVersionGroup;
			children = (
				41F94ABC1C1E88F900FA72B6 /* UseJson.xcdatamodel */,
			);
			currentVersion = 41F94ABC1C1E88F900FA72B6 /* UseJson.xcdatamodel */;
			path = UseJson.xcdatamodeld;
			sourceTree = "<group>";
			versionGroupType = wrapper.xcdatamodel;
		};
/* End XCVersionGroup section */
	};
	rootObject = 41F94AA41C1E88F900FA72B6 /* Project object */;
}
